// !$*UTF8*$!
{
	archiveVersion = 1;
	classes = {
	};
	objectVersion = 55;
	objects = {

/* Begin PBXBuildFile section */
		3F1F26292B6C931100CD8458 /* AppDelegate.swift in Sources */ = {isa = PBXBuildFile; fileRef = 3F1F26282B6C931100CD8458 /* AppDelegate.swift */; };
		3F1F262B2B6C931100CD8458 /* SceneDelegate.swift in Sources */ = {isa = PBXBuildFile; fileRef = 3F1F262A2B6C931100CD8458 /* SceneDelegate.swift */; };
		3F1F262D2B6C931100CD8458 /* ViewController.swift in Sources */ = {isa = PBXBuildFile; fileRef = 3F1F262C2B6C931100CD8458 /* ViewController.swift */; };
		3F1F26302B6C931100CD8458 /* Main.storyboard in Resources */ = {isa = PBXBuildFile; fileRef = 3F1F262E2B6C931100CD8458 /* Main.storyboard */; };
		3F1F26322B6C931200CD8458 /* Assets.xcassets in Resources */ = {isa = PBXBuildFile; fileRef = 3F1F26312B6C931200CD8458 /* Assets.xcassets */; };
		3F1F26352B6C931200CD8458 /* LaunchScreen.storyboard in Resources */ = {isa = PBXBuildFile; fileRef = 3F1F26332B6C931200CD8458 /* LaunchScreen.storyboard */; };
		3F27C2252B70C0C300DC41B3 /* secndViewController.swift in Sources */ = {isa = PBXBuildFile; fileRef = 3F27C2242B70C0C300DC41B3 /* secndViewController.swift */; };
		3F27C2272B70C8AC00DC41B3 /* PrimeViewController.swift in Sources */ = {isa = PBXBuildFile; fileRef = 3F27C2262B70C8AC00DC41B3 /* PrimeViewController.swift */; };
		3F27C2292B70CE3C00DC41B3 /* OddEvenViewController.swift in Sources */ = {isa = PBXBuildFile; fileRef = 3F27C2282B70CE3C00DC41B3 /* OddEvenViewController.swift */; };
		3F27C22B2B70D18500DC41B3 /* FactorialViewController.swift in Sources */ = {isa = PBXBuildFile; fileRef = 3F27C22A2B70D18500DC41B3 /* FactorialViewController.swift */; };
		3F27C22D2B70D44D00DC41B3 /* LeapYearViewController.swift in Sources */ = {isa = PBXBuildFile; fileRef = 3F27C22C2B70D44D00DC41B3 /* LeapYearViewController.swift */; };
		3F84D7E42B75CC3800609028 /* PalindromeViewController.swift in Sources */ = {isa = PBXBuildFile; fileRef = 3F84D7E32B75CC3800609028 /* PalindromeViewController.swift */; };
		3F84D7E62B75CEDC00609028 /* LargestNumberViewController.swift in Sources */ = {isa = PBXBuildFile; fileRef = 3F84D7E52B75CEDC00609028 /* LargestNumberViewController.swift */; };
		3F84D7E82B75D1A600609028 /* SumUpToViewController.swift in Sources */ = {isa = PBXBuildFile; fileRef = 3F84D7E72B75D1A600609028 /* SumUpToViewController.swift */; };
		3F84D7EA2B75D3EB00609028 /* PatternViewController.swift in Sources */ = {isa = PBXBuildFile; fileRef = 3F84D7E92B75D3EB00609028 /* PatternViewController.swift */; };
/* End PBXBuildFile section */

/* Begin PBXFileReference section */
		3F1F26252B6C931100CD8458 /* multiplyTable.app */ = {isa = PBXFileReference; explicitFileType = wrapper.application; includeInIndex = 0; path = multiplyTable.app; sourceTree = BUILT_PRODUCTS_DIR; };
		3F1F26282B6C931100CD8458 /* AppDelegate.swift */ = {isa = PBXFileReference; lastKnownFileType = sourcecode.swift; path = AppDelegate.swift; sourceTree = "<group>"; };
		3F1F262A2B6C931100CD8458 /* SceneDelegate.swift */ = {isa = PBXFileReference; lastKnownFileType = sourcecode.swift; path = SceneDelegate.swift; sourceTree = "<group>"; };
		3F1F262C2B6C931100CD8458 /* ViewController.swift */ = {isa = PBXFileReference; lastKnownFileType = sourcecode.swift; path = ViewController.swift; sourceTree = "<group>"; };
		3F1F262F2B6C931100CD8458 /* Base */ = {isa = PBXFileReference; lastKnownFileType = file.storyboard; name = Base; path = Base.lproj/Main.storyboard; sourceTree = "<group>"; };
		3F1F26312B6C931200CD8458 /* Assets.xcassets */ = {isa = PBXFileReference; lastKnownFileType = folder.assetcatalog; path = Assets.xcassets; sourceTree = "<group>"; };
		3F1F26342B6C931200CD8458 /* Base */ = {isa = PBXFileReference; lastKnownFileType = file.storyboard; name = Base; path = Base.lproj/LaunchScreen.storyboard; sourceTree = "<group>"; };
		3F1F26362B6C931200CD8458 /* Info.plist */ = {isa = PBXFileReference; lastKnownFileType = text.plist.xml; path = Info.plist; sourceTree = "<group>"; };
		3F27C2242B70C0C300DC41B3 /* secndViewController.swift */ = {isa = PBXFileReference; lastKnownFileType = sourcecode.swift; path = secndViewController.swift; sourceTree = "<group>"; };
		3F27C2262B70C8AC00DC41B3 /* PrimeViewController.swift */ = {isa = PBXFileReference; lastKnownFileType = sourcecode.swift; path = PrimeViewController.swift; sourceTree = "<group>"; };
		3F27C2282B70CE3C00DC41B3 /* OddEvenViewController.swift */ = {isa = PBXFileReference; lastKnownFileType = sourcecode.swift; path = OddEvenViewController.swift; sourceTree = "<group>"; };
		3F27C22A2B70D18500DC41B3 /* FactorialViewController.swift */ = {isa = PBXFileReference; lastKnownFileType = sourcecode.swift; path = FactorialViewController.swift; sourceTree = "<group>"; };
		3F27C22C2B70D44D00DC41B3 /* LeapYearViewController.swift */ = {isa = PBXFileReference; lastKnownFileType = sourcecode.swift; path = LeapYearViewController.swift; sourceTree = "<group>"; };
		3F84D7E32B75CC3800609028 /* PalindromeViewController.swift */ = {isa = PBXFileReference; lastKnownFileType = sourcecode.swift; path = PalindromeViewController.swift; sourceTree = "<group>"; };
		3F84D7E52B75CEDC00609028 /* LargestNumberViewController.swift */ = {isa = PBXFileReference; lastKnownFileType = sourcecode.swift; path = LargestNumberViewController.swift; sourceTree = "<group>"; };
		3F84D7E72B75D1A600609028 /* SumUpToViewController.swift */ = {isa = PBXFileReference; lastKnownFileType = sourcecode.swift; path = SumUpToViewController.swift; sourceTree = "<group>"; };
		3F84D7E92B75D3EB00609028 /* PatternViewController.swift */ = {isa = PBXFileReference; lastKnownFileType = sourcecode.swift; path = PatternViewController.swift; sourceTree = "<group>"; };
/* End PBXFileReference section */

/* Begin PBXFrameworksBuildPhase section */
		3F1F26222B6C931100CD8458 /* Frameworks */ = {
			isa = PBXFrameworksBuildPhase;
			buildActionMask = 2147483647;
			files = (
			);
			runOnlyForDeploymentPostprocessing = 0;
		};
/* End PBXFrameworksBuildPhase section */

/* Begin PBXGroup section */
		3F1F261C2B6C931100CD8458 = {
			isa = PBXGroup;
			children = (
				3F1F26272B6C931100CD8458 /* multiplyTable */,
				3F1F26262B6C931100CD8458 /* Products */,
			);
			sourceTree = "<group>";
		};
		3F1F26262B6C931100CD8458 /* Products */ = {
			isa = PBXGroup;
			children = (
				3F1F26252B6C931100CD8458 /* multiplyTable.app */,
			);
			name = Products;
			sourceTree = "<group>";
		};
		3F1F26272B6C931100CD8458 /* multiplyTable */ = {
			isa = PBXGroup;
			children = (
				3F1F26282B6C931100CD8458 /* AppDelegate.swift */,
				3F1F262A2B6C931100CD8458 /* SceneDelegate.swift */,
				3F1F262C2B6C931100CD8458 /* ViewController.swift */,
				3F1F262E2B6C931100CD8458 /* Main.storyboard */,
				3F84D7E92B75D3EB00609028 /* PatternViewController.swift */,
				3F84D7E72B75D1A600609028 /* SumUpToViewController.swift */,
				3F84D7E52B75CEDC00609028 /* LargestNumberViewController.swift */,
				3F84D7E32B75CC3800609028 /* PalindromeViewController.swift */,
				3F27C22C2B70D44D00DC41B3 /* LeapYearViewController.swift */,
				3F27C22A2B70D18500DC41B3 /* FactorialViewController.swift */,
				3F27C2282B70CE3C00DC41B3 /* OddEvenViewController.swift */,
				3F27C2262B70C8AC00DC41B3 /* PrimeViewController.swift */,
				3F27C2242B70C0C300DC41B3 /* secndViewController.swift */,
				3F1F26312B6C931200CD8458 /* Assets.xcassets */,
				3F1F26332B6C931200CD8458 /* LaunchScreen.storyboard */,
				3F1F26362B6C931200CD8458 /* Info.plist */,
			);
			path = multiplyTable;
			sourceTree = "<group>";
		};
/* End PBXGroup section */

/* Begin PBXNativeTarget section */
		3F1F26242B6C931100CD8458 /* multiplyTable */ = {
			isa = PBXNativeTarget;
			buildConfigurationList = 3F1F26392B6C931200CD8458 /* Build configuration list for PBXNativeTarget "multiplyTable" */;
			buildPhases = (
				3F1F26212B6C931100CD8458 /* Sources */,
				3F1F26222B6C931100CD8458 /* Frameworks */,
				3F1F26232B6C931100CD8458 /* Resources */,
			);
			buildRules = (
			);
			dependencies = (
			);
			name = multiplyTable;
			productName = multiplyTable;
			productReference = 3F1F26252B6C931100CD8458 /* multiplyTable.app */;
			productType = "com.apple.product-type.application";
		};
/* End PBXNativeTarget section */

/* Begin PBXProject section */
		3F1F261D2B6C931100CD8458 /* Project object */ = {
			isa = PBXProject;
			attributes = {
				BuildIndependentTargetsInParallel = 1;
				LastSwiftUpdateCheck = 1340;
				LastUpgradeCheck = 1340;
				TargetAttributes = {
					3F1F26242B6C931100CD8458 = {
						CreatedOnToolsVersion = 13.4;
					};
				};
			};
			buildConfigurationList = 3F1F26202B6C931100CD8458 /* Build configuration list for PBXProject "multiplyTable" */;
			compatibilityVersion = "Xcode 13.0";
			developmentRegion = en;
			hasScannedForEncodings = 0;
			knownRegions = (
				en,
				Base,
			);
			mainGroup = 3F1F261C2B6C931100CD8458;
			productRefGroup = 3F1F26262B6C931100CD8458 /* Products */;
			projectDirPath = "";
			projectRoot = "";
			targets = (
				3F1F26242B6C931100CD8458 /* multiplyTable */,
			);
		};
/* End PBXProject section */

/* Begin PBXResourcesBuildPhase section */
		3F1F26232B6C931100CD8458 /* Resources */ = {
			isa = PBXResourcesBuildPhase;
			buildActionMask = 2147483647;
			files = (
				3F1F26352B6C931200CD8458 /* LaunchScreen.storyboard in Resources */,
				3F1F26322B6C931200CD8458 /* Assets.xcassets in Resources */,
				3F1F26302B6C931100CD8458 /* Main.storyboard in Resources */,
			);
			runOnlyForDeploymentPostprocessing = 0;
		};
/* End PBXResourcesBuildPhase section */

/* Begin PBXSourcesBuildPhase section */
		3F1F26212B6C931100CD8458 /* Sources */ = {
			isa = PBXSourcesBuildPhase;
			buildActionMask = 2147483647;
			files = (
				3F27C22B2B70D18500DC41B3 /* FactorialViewController.swift in Sources */,
				3F27C22D2B70D44D00DC41B3 /* LeapYearViewController.swift in Sources */,
				3F27C2252B70C0C300DC41B3 /* secndViewController.swift in Sources */,
				3F84D7EA2B75D3EB00609028 /* PatternViewController.swift in Sources */,
				3F1F262D2B6C931100CD8458 /* ViewController.swift in Sources */,
				3F84D7E62B75CEDC00609028 /* LargestNumberViewController.swift in Sources */,
				3F84D7E82B75D1A600609028 /* SumUpToViewController.swift in Sources */,
				3F27C2292B70CE3C00DC41B3 /* OddEvenViewController.swift in Sources */,
				3F1F26292B6C931100CD8458 /* AppDelegate.swift in Sources */,
				3F1F262B2B6C931100CD8458 /* SceneDelegate.swift in Sources */,
				3F27C2272B70C8AC00DC41B3 /* PrimeViewController.swift in Sources */,
				3F84D7E42B75CC3800609028 /* PalindromeViewController.swift in Sources */,
			);
			runOnlyForDeploymentPostprocessing = 0;
		};
/* End PBXSourcesBuildPhase section */

/* Begin PBXVariantGroup section */
		3F1F262E2B6C931100CD8458 /* Main.storyboard */ = {
			isa = PBXVariantGroup;
			children = (
				3F1F262F2B6C931100CD8458 /* Base */,
			);
			name = Main.storyboard;
			sourceTree = "<group>";
		};
		3F1F26332B6C931200CD8458 /* LaunchScreen.storyboard */ = {
			isa = PBXVariantGroup;
			children = (
				3F1F26342B6C931200CD8458 /* Base */,
			);
			name = LaunchScreen.storyboard;
			sourceTree = "<group>";
		};
/* End PBXVariantGroup section */

/* Begin XCBuildConfiguration section */
		3F1F26372B6C931200CD8458 /* Debug */ = {
			isa = XCBuildConfiguration;
			buildSettings = {
				ALWAYS_SEARCH_USER_PATHS = NO;
				CLANG_ANALYZER_NONNULL = YES;
				CLANG_ANALYZER_NUMBER_OBJECT_CONVERSION = YES_AGGRESSIVE;
				CLANG_CXX_LANGUAGE_STANDARD = "gnu++17";
				CLANG_ENABLE_MODULES = YES;
				CLANG_ENABLE_OBJC_ARC = YES;
				CLANG_ENABLE_OBJC_WEAK = YES;
				CLANG_WARN_BLOCK_CAPTURE_AUTORELEASING = YES;
				CLANG_WARN_BOOL_CONVERSION = YES;
				CLANG_WARN_COMMA = YES;
				CLANG_WARN_CONSTANT_CONVERSION = YES;
				CLANG_WARN_DEPRECATED_OBJC_IMPLEMENTATIONS = YES;
				CLANG_WARN_DIRECT_OBJC_ISA_USAGE = YES_ERROR;
				CLANG_WARN_DOCUMENTATION_COMMENTS = YES;
				CLANG_WARN_EMPTY_BODY = YES;
				CLANG_WARN_ENUM_CONVERSION = YES;
				CLANG_WARN_INFINITE_RECURSION = YES;
				CLANG_WARN_INT_CONVERSION = YES;
				CLANG_WARN_NON_LITERAL_NULL_CONVERSION = YES;
				CLANG_WARN_OBJC_IMPLICIT_RETAIN_SELF = YES;
				CLANG_WARN_OBJC_LITERAL_CONVERSION = YES;
				CLANG_WARN_OBJC_ROOT_CLASS = YES_ERROR;
				CLANG_WARN_QUOTED_INCLUDE_IN_FRAMEWORK_HEADER = YES;
				CLANG_WARN_RANGE_LOOP_ANALYSIS = YES;
				CLANG_WARN_STRICT_PROTOTYPES = YES;
				CLANG_WARN_SUSPICIOUS_MOVE = YES;
				CLANG_WARN_UNGUARDED_AVAILABILITY = YES_AGGRESSIVE;
				CLANG_WARN_UNREACHABLE_CODE = YES;
				CLANG_WARN__DUPLICATE_METHOD_MATCH = YES;
				COPY_PHASE_STRIP = NO;
				DEBUG_INFORMATION_FORMAT = dwarf;
				ENABLE_STRICT_OBJC_MSGSEND = YES;
				ENABLE_TESTABILITY = YES;
				GCC_C_LANGUAGE_STANDARD = gnu11;
				GCC_DYNAMIC_NO_PIC = NO;
				GCC_NO_COMMON_BLOCKS = YES;
				GCC_OPTIMIZATION_LEVEL = 0;
				GCC_PREPROCESSOR_DEFINITIONS = (
					"DEBUG=1",
					"$(inherited)",
				);
				GCC_WARN_64_TO_32_BIT_CONVERSION = YES;
				GCC_WARN_ABOUT_RETURN_TYPE = YES_ERROR;
				GCC_WARN_UNDECLARED_SELECTOR = YES;
				GCC_WARN_UNINITIALIZED_AUTOS = YES_AGGRESSIVE;
				GCC_WARN_UNUSED_FUNCTION = YES;
				GCC_WARN_UNUSED_VARIABLE = YES;
				IPHONEOS_DEPLOYMENT_TARGET = 15.5;
				MTL_ENABLE_DEBUG_INFO = INCLUDE_SOURCE;
				MTL_FAST_MATH = YES;
				ONLY_ACTIVE_ARCH = YES;
				SDKROOT = iphoneos;
				SWIFT_ACTIVE_COMPILATION_CONDITIONS = DEBUG;
				SWIFT_OPTIMIZATION_LEVEL = "-Onone";
			};
			name = Debug;
		};
		3F1F26382B6C931200CD8458 /* Release */ = {
			isa = XCBuildConfiguration;
			buildSettings = {
				ALWAYS_SEARCH_USER_PATHS = NO;
				CLANG_ANALYZER_NONNULL = YES;
				CLANG_ANALYZER_NUMBER_OBJECT_CONVERSION = YES_AGGRESSIVE;
				CLANG_CXX_LANGUAGE_STANDARD = "gnu++17";
				CLANG_ENABLE_MODULES = YES;
				CLANG_ENABLE_OBJC_ARC = YES;
				CLANG_ENABLE_OBJC_WEAK = YES;
				CLANG_WARN_BLOCK_CAPTURE_AUTORELEASING = YES;
				CLANG_WARN_BOOL_CONVERSION = YES;
				CLANG_WARN_COMMA = YES;
				CLANG_WARN_CONSTANT_CONVERSION = YES;
				CLANG_WARN_DEPRECATED_OBJC_IMPLEMENTATIONS = YES;
				CLANG_WARN_DIRECT_OBJC_ISA_USAGE = YES_ERROR;
				CLANG_WARN_DOCUMENTATION_COMMENTS = YES;
				CLANG_WARN_EMPTY_BODY = YES;
				CLANG_WARN_ENUM_CONVERSION = YES;
				CLANG_WARN_INFINITE_RECURSION = YES;
				CLANG_WARN_INT_CONVERSION = YES;
				CLANG_WARN_NON_LITERAL_NULL_CONVERSION = YES;
				CLANG_WARN_OBJC_IMPLICIT_RETAIN_SELF = YES;
				CLANG_WARN_OBJC_LITERAL_CONVERSION = YES;
				CLANG_WARN_OBJC_ROOT_CLASS = YES_ERROR;
				CLANG_WARN_QUOTED_INCLUDE_IN_FRAMEWORK_HEADER = YES;
				CLANG_WARN_RANGE_LOOP_ANALYSIS = YES;
				CLANG_WARN_STRICT_PROTOTYPES = YES;
				CLANG_WARN_SUSPICIOUS_MOVE = YES;
				CLANG_WARN_UNGUARDED_AVAILABILITY = YES_AGGRESSIVE;
				CLANG_WARN_UNREACHABLE_CODE = YES;
				CLANG_WARN__DUPLICATE_METHOD_MATCH = YES;
				COPY_PHASE_STRIP = NO;
				DEBUG_INFORMATION_FORMAT = "dwarf-with-dsym";
				ENABLE_NS_ASSERTIONS = NO;
				ENABLE_STRICT_OBJC_MSGSEND = YES;
				GCC_C_LANGUAGE_STANDARD = gnu11;
				GCC_NO_COMMON_BLOCKS = YES;
				GCC_WARN_64_TO_32_BIT_CONVERSION = YES;
				GCC_WARN_ABOUT_RETURN_TYPE = YES_ERROR;
				GCC_WARN_UNDECLARED_SELECTOR = YES;
				GCC_WARN_UNINITIALIZED_AUTOS = YES_AGGRESSIVE;
				GCC_WARN_UNUSED_FUNCTION = YES;
				GCC_WARN_UNUSED_VARIABLE = YES;
				IPHONEOS_DEPLOYMENT_TARGET = 15.5;
				MTL_ENABLE_DEBUG_INFO = NO;
				MTL_FAST_MATH = YES;
				SDKROOT = iphoneos;
				SWIFT_COMPILATION_MODE = wholemodule;
				SWIFT_OPTIMIZATION_LEVEL = "-O";
				VALIDATE_PRODUCT = YES;
			};
			name = Release;
		};
		3F1F263A2B6C931200CD8458 /* Debug */ = {
			isa = XCBuildConfiguration;
			buildSettings = {
				ASSETCATALOG_COMPILER_APPICON_NAME = AppIcon;
				ASSETCATALOG_COMPILER_GLOBAL_ACCENT_COLOR_NAME = AccentColor;
				CODE_SIGN_STYLE = Automatic;
				CURRENT_PROJECT_VERSION = 1;
				GENERATE_INFOPLIST_FILE = YES;
				INFOPLIST_FILE = multiplyTable/Info.plist;
				INFOPLIST_KEY_UIApplicationSupportsIndirectInputEvents = YES;
				INFOPLIST_KEY_UILaunchStoryboardName = LaunchScreen;
				INFOPLIST_KEY_UIMainStoryboardFile = Main;
				INFOPLIST_KEY_UISupportedInterfaceOrientations_iPad = "UIInterfaceOrientationPortrait UIInterfaceOrientationPortraitUpsideDown UIInterfaceOrientationLandscapeLeft UIInterfaceOrientationLandscapeRight";
				INFOPLIST_KEY_UISupportedInterfaceOrientations_iPhone = "UIInterfaceOrientationPortrait UIInterfaceOrientationLandscapeLeft UIInterfaceOrientationLandscapeRight";
				LD_RUNPATH_SEARCH_PATHS = (
					"$(inherited)",
					"@executable_path/Frameworks",
				);
				MARKETING_VERSION = 1.0;
				PRODUCT_BUNDLE_IDENTIFIER = com.multiplyTable;
				PRODUCT_NAME = "$(TARGET_NAME)";
				SWIFT_EMIT_LOC_STRINGS = YES;
				SWIFT_VERSION = 5.0;
				TARGETED_DEVICE_FAMILY = "1,2";
			};
			name = Debug;
		};
		3F1F263B2B6C931200CD8458 /* Release */ = {
			isa = XCBuildConfiguration;
			buildSettings = {
				ASSETCATALOG_COMPILER_APPICON_NAME = AppIcon;
				ASSETCATALOG_COMPILER_GLOBAL_ACCENT_COLOR_NAME = AccentColor;
				CODE_SIGN_STYLE = Automatic;
				CURRENT_PROJECT_VERSION = 1;
				GENERATE_INFOPLIST_FILE = YES;
				INFOPLIST_FILE = multiplyTable/Info.plist;
				INFOPLIST_KEY_UIApplicationSupportsIndirectInputEvents = YES;
				INFOPLIST_KEY_UILaunchStoryboardName = LaunchScreen;
				INFOPLIST_KEY_UIMainStoryboardFile = Main;
				INFOPLIST_KEY_UISupportedInterfaceOrientations_iPad = "UIInterfaceOrientationPortrait UIInterfaceOrientationPortraitUpsideDown UIInterfaceOrientationLandscapeLeft UIInterfaceOrientationLandscapeRight";
				INFOPLIST_KEY_UISupportedInterfaceOrientations_iPhone = "UIInterfaceOrientationPortrait UIInterfaceOrientationLandscapeLeft UIInterfaceOrientationLandscapeRight";
				LD_RUNPATH_SEARCH_PATHS = (
					"$(inherited)",
					"@executable_path/Frameworks",
				);
				MARKETING_VERSION = 1.0;
				PRODUCT_BUNDLE_IDENTIFIER = com.multiplyTable;
				PRODUCT_NAME = "$(TARGET_NAME)";
				SWIFT_EMIT_LOC_STRINGS = YES;
				SWIFT_VERSION = 5.0;
				TARGETED_DEVICE_FAMILY = "1,2";
			};
			name = Release;
		};
/* End XCBuildConfiguration section */

/* Begin XCConfigurationList section */
		3F1F26202B6C931100CD8458 /* Build configuration list for PBXProject "multiplyTable" */ = {
			isa = XCConfigurationList;
			buildConfigurations = (
				3F1F26372B6C931200CD8458 /* Debug */,
				3F1F26382B6C931200CD8458 /* Release */,
			);
			defaultConfigurationIsVisible = 0;
			defaultConfigurationName = Release;
		};
		3F1F26392B6C931200CD8458 /* Build configuration list for PBXNativeTarget "multiplyTable" */ = {
			isa = XCConfigurationList;
			buildConfigurations = (
				3F1F263A2B6C931200CD8458 /* Debug */,
				3F1F263B2B6C931200CD8458 /* Release */,
			);
			defaultConfigurationIsVisible = 0;
			defaultConfigurationName = Release;
		};
/* End XCConfigurationList section */
	};
	rootObject = 3F1F261D2B6C931100CD8458 /* Project object */;
}
